
Microsoft Visual Studio Solution File, Format Version 12.00
# Visual Studio Version 17
VisualStudioVersion = 17.4.33213.308
MinimumVisualStudioVersion = 10.0.40219.1
Project("{9A19103F-16F7-4668-BE54-9A1E7A4F7556}") = "SommerhusLib", "SommerhusLib\SommerhusLib.csproj", "{F8C0B373-D36D-4A43-8461-F7F7DD905029}"
EndProject
Project("{FAE04EC0-301F-11D3-BF4B-00C04F79EFBC}") = "SonnerhusApp", "SonnerhusApp\SonnerhusApp.csproj", "{13E60C76-7DAD-46B8-9668-7AAB14E83B1A}"
EndProject
Global
	GlobalSection(SolutionConfigurationPlatforms) = preSolution
		Debug|Any CPU = Debug|Any CPU
		Release|Any CPU = Release|Any CPU
	EndGlobalSection
	GlobalSection(ProjectConfigurationPlatforms) = postSolution
		{F8C0B373-D36D-4A43-8461-F7F7DD905029}.Debug|Any CPU.ActiveCfg = Debug|Any CPU
		{F8C0B373-D36D-4A43-8461-F7F7DD905029}.Debug|Any CPU.Build.0 = Debug|Any CPU
		{F8C0B373-D36D-4A43-8461-F7F7DD905029}.Release|Any CPU.ActiveCfg = Release|Any CPU
		{F8C0B373-D36D-4A43-8461-F7F7DD905029}.Release|Any CPU.Build.0 = Release|Any CPU
		{13E60C76-7DAD-46B8-9668-7AAB14E83B1A}.Debug|Any CPU.ActiveCfg = Debug|Any CPU
		{13E60C76-7DAD-46B8-9668-7AAB14E83B1A}.Debug|Any CPU.Build.0 = Debug|Any CPU
		{13E60C76-7DAD-46B8-9668-7AAB14E83B1A}.Release|Any CPU.ActiveCfg = Release|Any CPU
		{13E60C76-7DAD-46B8-9668-7AAB14E83B1A}.Release|Any CPU.Build.0 = Release|Any CPU
	EndGlobalSection
	GlobalSection(SolutionProperties) = preSolution
		HideSolutionNode = FALSE
	EndGlobalSection
	GlobalSection(ExtensibilityGlobals) = postSolution
		SolutionGuid = {2E904099-DFCC-4A88-A1B3-BD60C7B90596}
	EndGlobalSection
EndGlobal
